{
  "name": "palozzi-colour-analysis",
  "lockfileVersion": 3,
  "requires": true,
  "packages": {
    "": {
      "dependencies": {
        "html2canvas": "1.4.1",
        "jspdf": "3.0.3",
        "react": "19.1.1",
        "react-dom": "19.1.1"
      },
      "devDependencies": {
        "@types/react": "19.1.12",
        "@types/react-dom": "19.1.9",
        "@vitejs/plugin-react": "5.0.4",
        "typescript": "5.9.3",
        "vite": "7.1.10"
      },
      "name": "palozzi-colour-analysis",
      "version": "0.1.0"
    }
  },
  "version": "0.1.0"
}
